{
  "version": 4,
  "terraform_version": "1.2.6",
  "serial": 18,
  "lineage": "d240a0cf-55aa-7fc6-c5cf-ae80b46e4db9",
  "outputs": {
    "s3_arn": {
      "value": "arn:aws:s3:::devops071998",
      "type": "string"
    },
    "s3_id": {
      "value": "devops071998",
      "type": "string"
    }
  },
  "resources": [
    {
      "mode": "managed",
      "type": "aws_vpc",
      "name": "devpos",
      "provider": "provider[\"registry.terraform.io/hashicorp/aws\"]",
      "instances": [
        {
          "schema_version": 1,
          "attributes": {
            "arn": "arn:aws:ec2:ap-southeast-1:237071198273:vpc/vpc-0c4c2fefdb5a7453f",
            "assign_generated_ipv6_cidr_block": false,
            "cidr_block": "172.16.0.0/16",
            "default_network_acl_id": "acl-0d4d4a9ccdb53359d",
            "default_route_table_id": "rtb-0701a8a57c41784e6",
            "default_security_group_id": "sg-090d52f0b1d75bf14",
            "dhcp_options_id": "dopt-0dd7b6c8ec542bfce",
            "enable_classiclink": false,
            "enable_classiclink_dns_support": false,
            "enable_dns_hostnames": false,
            "enable_dns_support": true,
            "id": "vpc-0c4c2fefdb5a7453f",
            "instance_tenancy": "default",
            "ipv4_ipam_pool_id": null,
            "ipv4_netmask_length": null,
            "ipv6_association_id": "",
            "ipv6_cidr_block": "",
            "ipv6_cidr_block_network_border_group": "",
            "ipv6_ipam_pool_id": "",
            "ipv6_netmask_length": 0,
            "main_route_table_id": "rtb-0701a8a57c41784e6",
            "owner_id": "237071198273",
            "tags": {
              "Name": "Devops_111_terraform"
            },
            "tags_all": {
              "Name": "Devops_111_terraform"
            }
          },
          "sensitive_attributes": [],
          "private": "eyJzY2hlbWFfdmVyc2lvbiI6IjEifQ=="
        }
      ]
    }
  ]
}
