{
  "version": 4,
  "terraform_version": "1.2.6",
  "serial": 39,
  "lineage": "d240a0cf-55aa-7fc6-c5cf-ae80b46e4db9",
  "outputs": {
    "s3_arn": {
      "value": "arn:aws:s3:::terraform-s3-terraform",
      "type": "string"
    },
    "s3_id": {
      "value": "terraform-s3-terraform",
      "type": "string"
    }
  },
  "resources": [
    {
      "mode": "managed",
      "type": "aws_instance",
      "name": "web-terraform",
      "provider": "provider[\"registry.terraform.io/hashicorp/aws\"]",
      "instances": []
    },
    {
      "mode": "managed",
      "type": "aws_internet_gateway",
      "name": "ig",
      "provider": "provider[\"registry.terraform.io/hashicorp/aws\"]",
      "instances": [
        {
          "schema_version": 0,
          "attributes": {
            "arn": "arn:aws:ec2:ap-southeast-1:237071198273:internet-gateway/igw-061439093d223c3c5",
            "id": "igw-061439093d223c3c5",
            "owner_id": "237071198273",
            "tags": {
              "Name": "devops-11082022-subnet-igw"
            },
            "tags_all": {
              "Name": "devops-11082022-subnet-igw"
            },
            "vpc_id": "vpc-0c4c2fefdb5a7453f"
          },
          "sensitive_attributes": [],
          "private": "bnVsbA==",
          "dependencies": [
            "aws_vpc.devpos"
          ]
        }
      ]
    },
    {
      "mode": "managed",
      "type": "aws_key_pair",
      "name": "devops",
      "provider": "provider[\"registry.terraform.io/hashicorp/aws\"]",
      "instances": [
        {
          "schema_version": 1,
          "attributes": {
            "arn": "arn:aws:ec2:ap-southeast-1:237071198273:key-pair/key-connect-ssh",
            "fingerprint": "73:52:65:6d:c6:4f:3a:70:5e:af:d8:57:93:13:74:24",
            "id": "key-connect-ssh",
            "key_name": "key-connect-ssh",
            "key_name_prefix": "",
            "key_pair_id": "key-0b13463c5019d6359",
            "public_key": "ssh-rsa AAAAB3NzaC1yc2EAAAADAQABAAABgQC670DLXjVdsvulJ1Duw4xrRolHHCEYyhChDB6WprJNWr2iBa1Ryg3jMUmBy5qU5M8/8kPp8Vn6MlHA5hlH5Gm/MwJPZs9zdObtGadxrvLUcfZo6l74zlSDgQlrMJYkywxMH2EtdcSbbw3X+QKCHGwz6/KPey8QMsGunvv6cDdZN+1JtJPgD6U58qVsEF0nXcOvBg8F8QzreCcN7wI4IrSFco+6n+1PUZv2rzcbZ1L5AnLLs2MfJb++7icH3XB+l+rDP5mihKBIe2ogX04wlFnolYDh5O45RvrMb23As80U2JhD5OEW6/uJtLaPHYwZTXhzM0F/ocvzhrCR6keptQ0Sk6/HroDF4ry8fUX9mifsMA1XOqj9eY4K4WI/L9I1Xv8qw2B4O5WzqYFiI85c5qRzMJ0NZCLFz//i8K6XDGC3z7KcQC1DTu8qj6VESSJY4GQ26ZJCELalTaqCz1DFoXEpAaohAyx6dx9LyCqlpi2yxrdWOLagVyt37Q9nOtv++6c= nhatpv@nhatpv-Vostro-3670",
            "tags": null,
            "tags_all": {}
          },
          "sensitive_attributes": [],
          "private": "eyJzY2hlbWFfdmVyc2lvbiI6IjEifQ=="
        }
      ]
    },
    {
      "mode": "managed",
      "type": "aws_route",
      "name": "public_internet_gateway",
      "provider": "provider[\"registry.terraform.io/hashicorp/aws\"]",
      "instances": [
        {
          "schema_version": 0,
          "attributes": {
            "carrier_gateway_id": "",
            "core_network_arn": "",
            "destination_cidr_block": "0.0.0.0/0",
            "destination_ipv6_cidr_block": "",
            "destination_prefix_list_id": "",
            "egress_only_gateway_id": "",
            "gateway_id": "igw-061439093d223c3c5",
            "id": "r-rtb-0540a01929dc52fa01080289494",
            "instance_id": "",
            "instance_owner_id": "",
            "local_gateway_id": "",
            "nat_gateway_id": "",
            "network_interface_id": "",
            "origin": "CreateRoute",
            "route_table_id": "rtb-0540a01929dc52fa0",
            "state": "active",
            "timeouts": null,
            "transit_gateway_id": "",
            "vpc_endpoint_id": "",
            "vpc_peering_connection_id": ""
          },
          "sensitive_attributes": [],
          "private": "eyJlMmJmYjczMC1lY2FhLTExZTYtOGY4OC0zNDM2M2JjN2M0YzAiOnsiY3JlYXRlIjozMDAwMDAwMDAwMDAsImRlbGV0ZSI6MzAwMDAwMDAwMDAwLCJ1cGRhdGUiOjEyMDAwMDAwMDAwMH19",
          "dependencies": [
            "aws_internet_gateway.ig",
            "aws_route_table.public",
            "aws_vpc.devpos"
          ]
        }
      ]
    },
    {
      "mode": "managed",
      "type": "aws_route_table",
      "name": "public",
      "provider": "provider[\"registry.terraform.io/hashicorp/aws\"]",
      "instances": [
        {
          "schema_version": 0,
          "attributes": {
            "arn": "arn:aws:ec2:ap-southeast-1:237071198273:route-table/rtb-0540a01929dc52fa0",
            "id": "rtb-0540a01929dc52fa0",
            "owner_id": "237071198273",
            "propagating_vgws": [],
            "route": [
              {
                "carrier_gateway_id": "",
                "cidr_block": "0.0.0.0/0",
                "core_network_arn": "",
                "destination_prefix_list_id": "",
                "egress_only_gateway_id": "",
                "gateway_id": "igw-061439093d223c3c5",
                "instance_id": "",
                "ipv6_cidr_block": "",
                "local_gateway_id": "",
                "nat_gateway_id": "",
                "network_interface_id": "",
                "transit_gateway_id": "",
                "vpc_endpoint_id": "",
                "vpc_peering_connection_id": ""
              }
            ],
            "tags": {
              "Name": "devops-11082022-subnet-igw-routing"
            },
            "tags_all": {
              "Name": "devops-11082022-subnet-igw-routing"
            },
            "timeouts": null,
            "vpc_id": "vpc-0c4c2fefdb5a7453f"
          },
          "sensitive_attributes": [],
          "private": "eyJlMmJmYjczMC1lY2FhLTExZTYtOGY4OC0zNDM2M2JjN2M0YzAiOnsiY3JlYXRlIjozMDAwMDAwMDAwMDAsImRlbGV0ZSI6MzAwMDAwMDAwMDAwLCJ1cGRhdGUiOjEyMDAwMDAwMDAwMH19",
          "dependencies": [
            "aws_vpc.devpos"
          ]
        }
      ]
    },
    {
      "mode": "managed",
      "type": "aws_s3_bucket",
      "name": "my_bucket",
      "provider": "provider[\"registry.terraform.io/hashicorp/aws\"]",
      "instances": [
        {
          "schema_version": 0,
          "attributes": {
            "acceleration_status": "",
            "acl": null,
            "arn": "arn:aws:s3:::terraform-s3-terraform",
            "bucket": "terraform-s3-terraform",
            "bucket_domain_name": "terraform-s3-terraform.s3.amazonaws.com",
            "bucket_prefix": null,
            "bucket_regional_domain_name": "terraform-s3-terraform.s3.ap-southeast-1.amazonaws.com",
            "cors_rule": [],
            "force_destroy": false,
            "grant": [
              {
                "id": "ac4234dcde03efa25f0a5f5e73a039a0c3d2a9aa8a28c285408a3a71eaf086bb",
                "permissions": [
                  "FULL_CONTROL"
                ],
                "type": "CanonicalUser",
                "uri": ""
              }
            ],
            "hosted_zone_id": "Z3O0J2DXBE1FTB",
            "id": "terraform-s3-terraform",
            "lifecycle_rule": [],
            "logging": [],
            "object_lock_configuration": [],
            "object_lock_enabled": false,
            "policy": "",
            "region": "ap-southeast-1",
            "replication_configuration": [],
            "request_payer": "BucketOwner",
            "server_side_encryption_configuration": [],
            "tags": {},
            "tags_all": {},
            "versioning": [
              {
                "enabled": false,
                "mfa_delete": false
              }
            ],
            "website": [],
            "website_domain": null,
            "website_endpoint": null
          },
          "sensitive_attributes": [],
          "private": "bnVsbA=="
        }
      ]
    },
    {
      "mode": "managed",
      "type": "aws_security_group",
      "name": "allow_ssh",
      "provider": "provider[\"registry.terraform.io/hashicorp/aws\"]",
      "instances": [
        {
          "schema_version": 1,
          "attributes": {
            "arn": "arn:aws:ec2:ap-southeast-1:237071198273:security-group/sg-036ef8a6f6fd0a986",
            "description": "Allow SSH inbound traffic",
            "egress": [
              {
                "cidr_blocks": [
                  "0.0.0.0/0"
                ],
                "description": "",
                "from_port": 0,
                "ipv6_cidr_blocks": [],
                "prefix_list_ids": [],
                "protocol": "-1",
                "security_groups": [],
                "self": false,
                "to_port": 0
              }
            ],
            "id": "sg-036ef8a6f6fd0a986",
            "ingress": [
              {
                "cidr_blocks": [
                  "35.247.128.96/32"
                ],
                "description": "SSH from specify IPs",
                "from_port": 22,
                "ipv6_cidr_blocks": [],
                "prefix_list_ids": [],
                "protocol": "tcp",
                "security_groups": [],
                "self": false,
                "to_port": 22
              }
            ],
            "name": "allow_ssh",
            "name_prefix": "",
            "owner_id": "237071198273",
            "revoke_rules_on_delete": false,
            "tags": null,
            "tags_all": {},
            "timeouts": null,
            "vpc_id": "vpc-0c4c2fefdb5a7453f"
          },
          "sensitive_attributes": [],
          "private": "eyJlMmJmYjczMC1lY2FhLTExZTYtOGY4OC0zNDM2M2JjN2M0YzAiOnsiY3JlYXRlIjo2MDAwMDAwMDAwMDAsImRlbGV0ZSI6OTAwMDAwMDAwMDAwfSwic2NoZW1hX3ZlcnNpb24iOiIxIn0=",
          "dependencies": [
            "aws_vpc.devpos"
          ]
        }
      ]
    },
    {
      "mode": "managed",
      "type": "aws_vpc",
      "name": "devpos",
      "provider": "provider[\"registry.terraform.io/hashicorp/aws\"]",
      "instances": [
        {
          "schema_version": 1,
          "attributes": {
            "arn": "arn:aws:ec2:ap-southeast-1:237071198273:vpc/vpc-0c4c2fefdb5a7453f",
            "assign_generated_ipv6_cidr_block": false,
            "cidr_block": "172.16.0.0/16",
            "default_network_acl_id": "acl-0d4d4a9ccdb53359d",
            "default_route_table_id": "rtb-0701a8a57c41784e6",
            "default_security_group_id": "sg-090d52f0b1d75bf14",
            "dhcp_options_id": "dopt-0dd7b6c8ec542bfce",
            "enable_classiclink": false,
            "enable_classiclink_dns_support": false,
            "enable_dns_hostnames": false,
            "enable_dns_support": true,
            "id": "vpc-0c4c2fefdb5a7453f",
            "instance_tenancy": "default",
            "ipv4_ipam_pool_id": null,
            "ipv4_netmask_length": null,
            "ipv6_association_id": "",
            "ipv6_cidr_block": "",
            "ipv6_cidr_block_network_border_group": "",
            "ipv6_ipam_pool_id": "",
            "ipv6_netmask_length": 0,
            "main_route_table_id": "rtb-0701a8a57c41784e6",
            "owner_id": "237071198273",
            "tags": {
              "name": "devops-11082022"
            },
            "tags_all": {
              "name": "devops-11082022"
            }
          },
          "sensitive_attributes": [],
          "private": "eyJzY2hlbWFfdmVyc2lvbiI6IjEifQ=="
        }
      ]
    }
  ]
}
